// !$*UTF8*$!
{
	archiveVersion = 1;
	classes = {
	};
	objectVersion = 50;
	objects = {

/* Begin PBXBuildFile section */
		1F939B34237C8412001E53DF /* AppDelegate.swift in Sources */ = {isa = PBXBuildFile; fileRef = 1F939B33237C8412001E53DF /* AppDelegate.swift */; };
		1F939B38237C8412001E53DF /* FormController.swift in Sources */ = {isa = PBXBuildFile; fileRef = 1F939B37237C8412001E53DF /* FormController.swift */; };
		1F939B3B237C8412001E53DF /* Main.storyboard in Resources */ = {isa = PBXBuildFile; fileRef = 1F939B39237C8412001E53DF /* Main.storyboard */; };
		1F939B3D237C8413001E53DF /* Assets.xcassets in Resources */ = {isa = PBXBuildFile; fileRef = 1F939B3C237C8413001E53DF /* Assets.xcassets */; };
		1F939B40237C8413001E53DF /* LaunchScreen.storyboard in Resources */ = {isa = PBXBuildFile; fileRef = 1F939B3E237C8413001E53DF /* LaunchScreen.storyboard */; };
		1F939B48237C84C0001E53DF /* Query.swift in Sources */ = {isa = PBXBuildFile; fileRef = 1F939B47237C84C0001E53DF /* Query.swift */; };
		1F939B4F237C9719001E53DF /* QueryParameters.plist in Resources */ = {isa = PBXBuildFile; fileRef = 1F939B4E237C9719001E53DF /* QueryParameters.plist */; };
		1F939B51237CBFED001E53DF /* MediaType.swift in Sources */ = {isa = PBXBuildFile; fileRef = 1F939B50237CBFED001E53DF /* MediaType.swift */; };
		1F945902237F81780034B669 /* AlamofireImage.framework in Frameworks */ = {isa = PBXBuildFile; fileRef = 1F9458FF237F81780034B669 /* AlamofireImage.framework */; };
		1F945903237F81780034B669 /* AlamofireImage.framework in Embed Frameworks */ = {isa = PBXBuildFile; fileRef = 1F9458FF237F81780034B669 /* AlamofireImage.framework */; settings = {ATTRIBUTES = (CodeSignOnCopy, RemoveHeadersOnCopy, ); }; };
		1F945904237F81780034B669 /* AlamofireNetworkActivityIndicator.framework in Frameworks */ = {isa = PBXBuildFile; fileRef = 1F945900237F81780034B669 /* AlamofireNetworkActivityIndicator.framework */; };
		1F945905237F81780034B669 /* AlamofireNetworkActivityIndicator.framework in Embed Frameworks */ = {isa = PBXBuildFile; fileRef = 1F945900237F81780034B669 /* AlamofireNetworkActivityIndicator.framework */; settings = {ATTRIBUTES = (CodeSignOnCopy, RemoveHeadersOnCopy, ); }; };
		1F945906237F81780034B669 /* Alamofire.framework in Frameworks */ = {isa = PBXBuildFile; fileRef = 1F945901237F81780034B669 /* Alamofire.framework */; };
		1F945907237F81780034B669 /* Alamofire.framework in Embed Frameworks */ = {isa = PBXBuildFile; fileRef = 1F945901237F81780034B669 /* Alamofire.framework */; settings = {ATTRIBUTES = (CodeSignOnCopy, RemoveHeadersOnCopy, ); }; };
		1F94590B2381D05F0034B669 /* ResultsController.swift in Sources */ = {isa = PBXBuildFile; fileRef = 1F94590A2381D05F0034B669 /* ResultsController.swift */; };
		1F94590D2381D0920034B669 /* ItemController.swift in Sources */ = {isa = PBXBuildFile; fileRef = 1F94590C2381D0920034B669 /* ItemController.swift */; };
		1F9459112381DAE40034B669 /* MovieSearch.xcdatamodeld in Sources */ = {isa = PBXBuildFile; fileRef = 1F94590F2381DAE40034B669 /* MovieSearch.xcdatamodeld */; };
		1F9459132381EA1B0034B669 /* SearchResponse.swift in Sources */ = {isa = PBXBuildFile; fileRef = 1F9459122381EA1B0034B669 /* SearchResponse.swift */; };
		1F9459182381ED030034B669 /* SearchGroup+CoreDataClass.swift in Sources */ = {isa = PBXBuildFile; fileRef = 1F9459142381ED030034B669 /* SearchGroup+CoreDataClass.swift */; };
		1F9459192381ED030034B669 /* SearchGroup+CoreDataProperties.swift in Sources */ = {isa = PBXBuildFile; fileRef = 1F9459152381ED030034B669 /* SearchGroup+CoreDataProperties.swift */; };
		1F94591A2381ED030034B669 /* SearchResult+CoreDataClass.swift in Sources */ = {isa = PBXBuildFile; fileRef = 1F9459162381ED030034B669 /* SearchResult+CoreDataClass.swift */; };
		1F94591B2381ED030034B669 /* SearchResult+CoreDataProperties.swift in Sources */ = {isa = PBXBuildFile; fileRef = 1F9459172381ED030034B669 /* SearchResult+CoreDataProperties.swift */; };
/* End PBXBuildFile section */

/* Begin PBXCopyFilesBuildPhase section */
		1F945908237F81780034B669 /* Embed Frameworks */ = {
			isa = PBXCopyFilesBuildPhase;
			buildActionMask = 2147483647;
			dstPath = "";
			dstSubfolderSpec = 10;
			files = (
				1F945903237F81780034B669 /* AlamofireImage.framework in Embed Frameworks */,
				1F945907237F81780034B669 /* Alamofire.framework in Embed Frameworks */,
				1F945905237F81780034B669 /* AlamofireNetworkActivityIndicator.framework in Embed Frameworks */,
			);
			name = "Embed Frameworks";
			runOnlyForDeploymentPostprocessing = 0;
		};
/* End PBXCopyFilesBuildPhase section */

/* Begin PBXFileReference section */
		1F939B30237C8412001E53DF /* MovieSearch.app */ = {isa = PBXFileReference; explicitFileType = wrapper.application; includeInIndex = 0; path = MovieSearch.app; sourceTree = BUILT_PRODUCTS_DIR; };
		1F939B33237C8412001E53DF /* AppDelegate.swift */ = {isa = PBXFileReference; lastKnownFileType = sourcecode.swift; path = AppDelegate.swift; sourceTree = "<group>"; };
		1F939B37237C8412001E53DF /* FormController.swift */ = {isa = PBXFileReference; lastKnownFileType = sourcecode.swift; path = FormController.swift; sourceTree = "<group>"; };
		1F939B3A237C8412001E53DF /* Base */ = {isa = PBXFileReference; lastKnownFileType = file.storyboard; name = Base; path = Base.lproj/Main.storyboard; sourceTree = "<group>"; };
		1F939B3C237C8413001E53DF /* Assets.xcassets */ = {isa = PBXFileReference; lastKnownFileType = folder.assetcatalog; path = Assets.xcassets; sourceTree = "<group>"; };
		1F939B3F237C8413001E53DF /* Base */ = {isa = PBXFileReference; lastKnownFileType = file.storyboard; name = Base; path = Base.lproj/LaunchScreen.storyboard; sourceTree = "<group>"; };
		1F939B41237C8413001E53DF /* Info.plist */ = {isa = PBXFileReference; lastKnownFileType = text.plist.xml; path = Info.plist; sourceTree = "<group>"; };
		1F939B47237C84C0001E53DF /* Query.swift */ = {isa = PBXFileReference; lastKnownFileType = sourcecode.swift; path = Query.swift; sourceTree = "<group>"; };
		1F939B4D237C96A2001E53DF /* Searching.playground */ = {isa = PBXFileReference; lastKnownFileType = file.playground; name = Searching.playground; path = MovieSearch/Searching.playground; sourceTree = "<group>"; xcLanguageSpecificationIdentifier = xcode.lang.swift; };
		1F939B4E237C9719001E53DF /* QueryParameters.plist */ = {isa = PBXFileReference; fileEncoding = 4; lastKnownFileType = text.plist.xml; path = QueryParameters.plist; sourceTree = "<group>"; };
		1F939B50237CBFED001E53DF /* MediaType.swift */ = {isa = PBXFileReference; lastKnownFileType = sourcecode.swift; path = MediaType.swift; sourceTree = "<group>"; };
		1F9458FF237F81780034B669 /* AlamofireImage.framework */ = {isa = PBXFileReference; lastKnownFileType = wrapper.framework; name = AlamofireImage.framework; path = Carthage/Build/iOS/AlamofireImage.framework; sourceTree = "<group>"; };
		1F945900237F81780034B669 /* AlamofireNetworkActivityIndicator.framework */ = {isa = PBXFileReference; lastKnownFileType = wrapper.framework; name = AlamofireNetworkActivityIndicator.framework; path = Carthage/Build/iOS/AlamofireNetworkActivityIndicator.framework; sourceTree = "<group>"; };
		1F945901237F81780034B669 /* Alamofire.framework */ = {isa = PBXFileReference; lastKnownFileType = wrapper.framework; name = Alamofire.framework; path = Carthage/Build/iOS/Alamofire.framework; sourceTree = "<group>"; };
		1F94590A2381D05F0034B669 /* ResultsController.swift */ = {isa = PBXFileReference; lastKnownFileType = sourcecode.swift; path = ResultsController.swift; sourceTree = "<group>"; };
		1F94590C2381D0920034B669 /* ItemController.swift */ = {isa = PBXFileReference; lastKnownFileType = sourcecode.swift; path = ItemController.swift; sourceTree = "<group>"; };
		1F9459102381DAE40034B669 /* MoveSearch.xcdatamodel */ = {isa = PBXFileReference; lastKnownFileType = wrapper.xcdatamodel; path = MoveSearch.xcdatamodel; sourceTree = "<group>"; };
		1F9459122381EA1B0034B669 /* SearchResponse.swift */ = {isa = PBXFileReference; lastKnownFileType = sourcecode.swift; path = SearchResponse.swift; sourceTree = "<group>"; };
		1F9459142381ED030034B669 /* SearchGroup+CoreDataClass.swift */ = {isa = PBXFileReference; lastKnownFileType = sourcecode.swift; path = "SearchGroup+CoreDataClass.swift"; sourceTree = "<group>"; };
		1F9459152381ED030034B669 /* SearchGroup+CoreDataProperties.swift */ = {isa = PBXFileReference; lastKnownFileType = sourcecode.swift; path = "SearchGroup+CoreDataProperties.swift"; sourceTree = "<group>"; };
		1F9459162381ED030034B669 /* SearchResult+CoreDataClass.swift */ = {isa = PBXFileReference; lastKnownFileType = sourcecode.swift; path = "SearchResult+CoreDataClass.swift"; sourceTree = "<group>"; };
		1F9459172381ED030034B669 /* SearchResult+CoreDataProperties.swift */ = {isa = PBXFileReference; lastKnownFileType = sourcecode.swift; path = "SearchResult+CoreDataProperties.swift"; sourceTree = "<group>"; };
/* End PBXFileReference section */

/* Begin PBXFrameworksBuildPhase section */
		1F939B2D237C8412001E53DF /* Frameworks */ = {
			isa = PBXFrameworksBuildPhase;
			buildActionMask = 2147483647;
			files = (
				1F945902237F81780034B669 /* AlamofireImage.framework in Frameworks */,
				1F945906237F81780034B669 /* Alamofire.framework in Frameworks */,
				1F945904237F81780034B669 /* AlamofireNetworkActivityIndicator.framework in Frameworks */,
			);
			runOnlyForDeploymentPostprocessing = 0;
		};
/* End PBXFrameworksBuildPhase section */

/* Begin PBXGroup section */
		1F939B27237C8412001E53DF = {
			isa = PBXGroup;
			children = (
				1F939B4D237C96A2001E53DF /* Searching.playground */,
				1F939B32237C8412001E53DF /* MovieSearch */,
				1F939B31237C8412001E53DF /* Products */,
				1F9458FE237F81780034B669 /* Frameworks */,
			);
			sourceTree = "<group>";
		};
		1F939B31237C8412001E53DF /* Products */ = {
			isa = PBXGroup;
			children = (
				1F939B30237C8412001E53DF /* MovieSearch.app */,
			);
			name = Products;
			sourceTree = "<group>";
		};
		1F939B32237C8412001E53DF /* MovieSearch */ = {
			isa = PBXGroup;
			children = (
				1F939B47237C84C0001E53DF /* Query.swift */,
				1F94590E2381D41C0034B669 /* Model */,
				1F939B50237CBFED001E53DF /* MediaType.swift */,
				1F939B4E237C9719001E53DF /* QueryParameters.plist */,
				1F939B33237C8412001E53DF /* AppDelegate.swift */,
				1F9459092381C97F0034B669 /* View controllers */,
				1F939B39237C8412001E53DF /* Main.storyboard */,
				1F939B3C237C8413001E53DF /* Assets.xcassets */,
				1F939B3E237C8413001E53DF /* LaunchScreen.storyboard */,
				1F939B41237C8413001E53DF /* Info.plist */,
			);
			path = MovieSearch;
			sourceTree = "<group>";
		};
		1F9458FE237F81780034B669 /* Frameworks */ = {
			isa = PBXGroup;
			children = (
				1F945901237F81780034B669 /* Alamofire.framework */,
				1F9458FF237F81780034B669 /* AlamofireImage.framework */,
				1F945900237F81780034B669 /* AlamofireNetworkActivityIndicator.framework */,
			);
			name = Frameworks;
			sourceTree = "<group>";
		};
		1F9459092381C97F0034B669 /* View controllers */ = {
			isa = PBXGroup;
			children = (
				1F94590A2381D05F0034B669 /* ResultsController.swift */,
				1F94590C2381D0920034B669 /* ItemController.swift */,
				1F939B37237C8412001E53DF /* FormController.swift */,
			);
			path = "View controllers";
			sourceTree = "<group>";
		};
		1F94590E2381D41C0034B669 /* Model */ = {
			isa = PBXGroup;
			children = (
				1F9459142381ED030034B669 /* SearchGroup+CoreDataClass.swift */,
				1F9459152381ED030034B669 /* SearchGroup+CoreDataProperties.swift */,
				1F9459162381ED030034B669 /* SearchResult+CoreDataClass.swift */,
				1F9459172381ED030034B669 /* SearchResult+CoreDataProperties.swift */,
				1F94590F2381DAE40034B669 /* MovieSearch.xcdatamodeld */,
				1F9459122381EA1B0034B669 /* SearchResponse.swift */,
			);
			path = Model;
			sourceTree = "<group>";
		};
/* End PBXGroup section */

/* Begin PBXNativeTarget section */
		1F939B2F237C8412001E53DF /* MovieSearch */ = {
			isa = PBXNativeTarget;
			buildConfigurationList = 1F939B44237C8413001E53DF /* Build configuration list for PBXNativeTarget "MovieSearch" */;
			buildPhases = (
				1F939B2C237C8412001E53DF /* Sources */,
				1F939B2D237C8412001E53DF /* Frameworks */,
				1F939B2E237C8412001E53DF /* Resources */,
				1F945908237F81780034B669 /* Embed Frameworks */,
			);
			buildRules = (
			);
			dependencies = (
			);
			name = MovieSearch;
			productName = MovieSearch;
			productReference = 1F939B30237C8412001E53DF /* MovieSearch.app */;
			productType = "com.apple.product-type.application";
		};
/* End PBXNativeTarget section */

/* Begin PBXProject section */
		1F939B28237C8412001E53DF /* Project object */ = {
			isa = PBXProject;
			attributes = {
				LastSwiftUpdateCheck = 1120;
				LastUpgradeCheck = 1120;
				ORGANIZATIONNAME = "Fritz Anderson";
				TargetAttributes = {
					1F939B2F237C8412001E53DF = {
						CreatedOnToolsVersion = 11.2.1;
					};
				};
			};
			buildConfigurationList = 1F939B2B237C8412001E53DF /* Build configuration list for PBXProject "MovieSearch" */;
			compatibilityVersion = "Xcode 9.3";
			developmentRegion = en;
			hasScannedForEncodings = 0;
			knownRegions = (
				en,
				Base,
			);
			mainGroup = 1F939B27237C8412001E53DF;
			productRefGroup = 1F939B31237C8412001E53DF /* Products */;
			projectDirPath = "";
			projectRoot = "";
			targets = (
				1F939B2F237C8412001E53DF /* MovieSearch */,
			);
		};
/* End PBXProject section */

/* Begin PBXResourcesBuildPhase section */
		1F939B2E237C8412001E53DF /* Resources */ = {
			isa = PBXResourcesBuildPhase;
			buildActionMask = 2147483647;
			files = (
				1F939B40237C8413001E53DF /* LaunchScreen.storyboard in Resources */,
				1F939B4F237C9719001E53DF /* QueryParameters.plist in Resources */,
				1F939B3D237C8413001E53DF /* Assets.xcassets in Resources */,
				1F939B3B237C8412001E53DF /* Main.storyboard in Resources */,
			);
			runOnlyForDeploymentPostprocessing = 0;
		};
/* End PBXResourcesBuildPhase section */

/* Begin PBXSourcesBuildPhase section */
		1F939B2C237C8412001E53DF /* Sources */ = {
			isa = PBXSourcesBuildPhase;
			buildActionMask = 2147483647;
			files = (
				1F939B51237CBFED001E53DF /* MediaType.swift in Sources */,
				1F94590D2381D0920034B669 /* ItemController.swift in Sources */,
				1F9459112381DAE40034B669 /* MovieSearch.xcdatamodeld in Sources */,
				1F94591A2381ED030034B669 /* SearchResult+CoreDataClass.swift in Sources */,
				1F94591B2381ED030034B669 /* SearchResult+CoreDataProperties.swift in Sources */,
				1F94590B2381D05F0034B669 /* ResultsController.swift in Sources */,
				1F9459132381EA1B0034B669 /* SearchResponse.swift in Sources */,
				1F9459192381ED030034B669 /* SearchGroup+CoreDataProperties.swift in Sources */,
				1F939B48237C84C0001E53DF /* Query.swift in Sources */,
				1F939B38237C8412001E53DF /* FormController.swift in Sources */,
				1F9459182381ED030034B669 /* SearchGroup+CoreDataClass.swift in Sources */,
				1F939B34237C8412001E53DF /* AppDelegate.swift in Sources */,
			);
			runOnlyForDeploymentPostprocessing = 0;
		};
/* End PBXSourcesBuildPhase section */

/* Begin PBXVariantGroup section */
		1F939B39237C8412001E53DF /* Main.storyboard */ = {
			isa = PBXVariantGroup;
			children = (
				1F939B3A237C8412001E53DF /* Base */,
			);
			name = Main.storyboard;
			sourceTree = "<group>";
		};
		1F939B3E237C8413001E53DF /* LaunchScreen.storyboard */ = {
			isa = PBXVariantGroup;
			children = (
				1F939B3F237C8413001E53DF /* Base */,
			);
			name = LaunchScreen.storyboard;
			sourceTree = "<group>";
		};
/* End PBXVariantGroup section */

/* Begin XCBuildConfiguration section */
		1F939B42237C8413001E53DF /* Debug */ = {
			isa = XCBuildConfiguration;
			buildSettings = {
				ALWAYS_SEARCH_USER_PATHS = NO;
				CLANG_ANALYZER_NONNULL = YES;
				CLANG_ANALYZER_NUMBER_OBJECT_CONVERSION = YES_AGGRESSIVE;
				CLANG_CXX_LANGUAGE_STANDARD = "gnu++14";
				CLANG_CXX_LIBRARY = "libc++";
				CLANG_ENABLE_MODULES = YES;
				CLANG_ENABLE_OBJC_ARC = YES;
				CLANG_ENABLE_OBJC_WEAK = YES;
				CLANG_WARN_BLOCK_CAPTURE_AUTORELEASING = YES;
				CLANG_WARN_BOOL_CONVERSION = YES;
				CLANG_WARN_COMMA = YES;
				CLANG_WARN_CONSTANT_CONVERSION = YES;
				CLANG_WARN_DEPRECATED_OBJC_IMPLEMENTATIONS = YES;
				CLANG_WARN_DIRECT_OBJC_ISA_USAGE = YES_ERROR;
				CLANG_WARN_DOCUMENTATION_COMMENTS = YES;
				CLANG_WARN_EMPTY_BODY = YES;
				CLANG_WARN_ENUM_CONVERSION = YES;
				CLANG_WARN_INFINITE_RECURSION = YES;
				CLANG_WARN_INT_CONVERSION = YES;
				CLANG_WARN_NON_LITERAL_NULL_CONVERSION = YES;
				CLANG_WARN_OBJC_IMPLICIT_RETAIN_SELF = YES;
				CLANG_WARN_OBJC_LITERAL_CONVERSION = YES;
				CLANG_WARN_OBJC_ROOT_CLASS = YES_ERROR;
				CLANG_WARN_RANGE_LOOP_ANALYSIS = YES;
				CLANG_WARN_STRICT_PROTOTYPES = YES;
				CLANG_WARN_SUSPICIOUS_MOVE = YES;
				CLANG_WARN_UNGUARDED_AVAILABILITY = YES_AGGRESSIVE;
				CLANG_WARN_UNREACHABLE_CODE = YES;
				CLANG_WARN__DUPLICATE_METHOD_MATCH = YES;
				COPY_PHASE_STRIP = NO;
				DEBUG_INFORMATION_FORMAT = dwarf;
				ENABLE_STRICT_OBJC_MSGSEND = YES;
				ENABLE_TESTABILITY = YES;
				GCC_C_LANGUAGE_STANDARD = gnu11;
				GCC_DYNAMIC_NO_PIC = NO;
				GCC_NO_COMMON_BLOCKS = YES;
				GCC_OPTIMIZATION_LEVEL = 0;
				GCC_PREPROCESSOR_DEFINITIONS = (
					"DEBUG=1",
					"$(inherited)",
				);
				GCC_WARN_64_TO_32_BIT_CONVERSION = YES;
				GCC_WARN_ABOUT_RETURN_TYPE = YES_ERROR;
				GCC_WARN_UNDECLARED_SELECTOR = YES;
				GCC_WARN_UNINITIALIZED_AUTOS = YES_AGGRESSIVE;
				GCC_WARN_UNUSED_FUNCTION = YES;
				GCC_WARN_UNUSED_VARIABLE = YES;
				IPHONEOS_DEPLOYMENT_TARGET = 13.2;
				MTL_ENABLE_DEBUG_INFO = INCLUDE_SOURCE;
				MTL_FAST_MATH = YES;
				ONLY_ACTIVE_ARCH = YES;
				SDKROOT = iphoneos;
				SWIFT_ACTIVE_COMPILATION_CONDITIONS = DEBUG;
				SWIFT_OPTIMIZATION_LEVEL = "-Onone";
			};
			name = Debug;
		};
		1F939B43237C8413001E53DF /* Release */ = {
			isa = XCBuildConfiguration;
			buildSettings = {
				ALWAYS_SEARCH_USER_PATHS = NO;
				CLANG_ANALYZER_NONNULL = YES;
				CLANG_ANALYZER_NUMBER_OBJECT_CONVERSION = YES_AGGRESSIVE;
				CLANG_CXX_LANGUAGE_STANDARD = "gnu++14";
				CLANG_CXX_LIBRARY = "libc++";
				CLANG_ENABLE_MODULES = YES;
				CLANG_ENABLE_OBJC_ARC = YES;
				CLANG_ENABLE_OBJC_WEAK = YES;
				CLANG_WARN_BLOCK_CAPTURE_AUTORELEASING = YES;
				CLANG_WARN_BOOL_CONVERSION = YES;
				CLANG_WARN_COMMA = YES;
				CLANG_WARN_CONSTANT_CONVERSION = YES;
				CLANG_WARN_DEPRECATED_OBJC_IMPLEMENTATIONS = YES;
				CLANG_WARN_DIRECT_OBJC_ISA_USAGE = YES_ERROR;
				CLANG_WARN_DOCUMENTATION_COMMENTS = YES;
				CLANG_WARN_EMPTY_BODY = YES;
				CLANG_WARN_ENUM_CONVERSION = YES;
				CLANG_WARN_INFINITE_RECURSION = YES;
				CLANG_WARN_INT_CONVERSION = YES;
				CLANG_WARN_NON_LITERAL_NULL_CONVERSION = YES;
				CLANG_WARN_OBJC_IMPLICIT_RETAIN_SELF = YES;
				CLANG_WARN_OBJC_LITERAL_CONVERSION = YES;
				CLANG_WARN_OBJC_ROOT_CLASS = YES_ERROR;
				CLANG_WARN_RANGE_LOOP_ANALYSIS = YES;
				CLANG_WARN_STRICT_PROTOTYPES = YES;
				CLANG_WARN_SUSPICIOUS_MOVE = YES;
				CLANG_WARN_UNGUARDED_AVAILABILITY = YES_AGGRESSIVE;
				CLANG_WARN_UNREACHABLE_CODE = YES;
				CLANG_WARN__DUPLICATE_METHOD_MATCH = YES;
				COPY_PHASE_STRIP = NO;
				DEBUG_INFORMATION_FORMAT = "dwarf-with-dsym";
				ENABLE_NS_ASSERTIONS = NO;
				ENABLE_STRICT_OBJC_MSGSEND = YES;
				GCC_C_LANGUAGE_STANDARD = gnu11;
				GCC_NO_COMMON_BLOCKS = YES;
				GCC_WARN_64_TO_32_BIT_CONVERSION = YES;
				GCC_WARN_ABOUT_RETURN_TYPE = YES_ERROR;
				GCC_WARN_UNDECLARED_SELECTOR = YES;
				GCC_WARN_UNINITIALIZED_AUTOS = YES_AGGRESSIVE;
				GCC_WARN_UNUSED_FUNCTION = YES;
				GCC_WARN_UNUSED_VARIABLE = YES;
				IPHONEOS_DEPLOYMENT_TARGET = 13.2;
				MTL_ENABLE_DEBUG_INFO = NO;
				MTL_FAST_MATH = YES;
				SDKROOT = iphoneos;
				SWIFT_COMPILATION_MODE = wholemodule;
				SWIFT_OPTIMIZATION_LEVEL = "-O";
				VALIDATE_PRODUCT = YES;
			};
			name = Release;
		};
		1F939B45237C8413001E53DF /* Debug */ = {
			isa = XCBuildConfiguration;
			buildSettings = {
				ASSETCATALOG_COMPILER_APPICON_NAME = AppIcon;
				CODE_SIGN_STYLE = Automatic;
				DEVELOPMENT_TEAM = J2E8MMY7GM;
				FRAMEWORK_SEARCH_PATHS = (
					"$(inherited)",
					"$(PROJECT_DIR)/Carthage/Build/iOS",
				);
				INFOPLIST_FILE = MovieSearch/Info.plist;
				IPHONEOS_DEPLOYMENT_TARGET = 12.4;
				LD_RUNPATH_SEARCH_PATHS = (
					"$(inherited)",
					"@executable_path/Frameworks",
				);
				PRODUCT_BUNDLE_IDENTIFIER = com.wt9t.MovieSearch;
				PRODUCT_NAME = "$(TARGET_NAME)";
				SWIFT_VERSION = 5.0;
				TARGETED_DEVICE_FAMILY = 1;
			};
			name = Debug;
		};
		1F939B46237C8413001E53DF /* Release */ = {
			isa = XCBuildConfiguration;
			buildSettings = {
				ASSETCATALOG_COMPILER_APPICON_NAME = AppIcon;
				CODE_SIGN_STYLE = Automatic;
				DEVELOPMENT_TEAM = J2E8MMY7GM;
				FRAMEWORK_SEARCH_PATHS = (
					"$(inherited)",
					"$(PROJECT_DIR)/Carthage/Build/iOS",
				);
				INFOPLIST_FILE = MovieSearch/Info.plist;
				IPHONEOS_DEPLOYMENT_TARGET = 12.4;
				LD_RUNPATH_SEARCH_PATHS = (
					"$(inherited)",
					"@executable_path/Frameworks",
				);
				PRODUCT_BUNDLE_IDENTIFIER = com.wt9t.MovieSearch;
				PRODUCT_NAME = "$(TARGET_NAME)";
				SWIFT_VERSION = 5.0;
				TARGETED_DEVICE_FAMILY = 1;
			};
			name = Release;
		};
/* End XCBuildConfiguration section */

/* Begin XCConfigurationList section */
		1F939B2B237C8412001E53DF /* Build configuration list for PBXProject "MovieSearch" */ = {
			isa = XCConfigurationList;
			buildConfigurations = (
				1F939B42237C8413001E53DF /* Debug */,
				1F939B43237C8413001E53DF /* Release */,
			);
			defaultConfigurationIsVisible = 0;
			defaultConfigurationName = Release;
		};
		1F939B44237C8413001E53DF /* Build configuration list for PBXNativeTarget "MovieSearch" */ = {
			isa = XCConfigurationList;
			buildConfigurations = (
				1F939B45237C8413001E53DF /* Debug */,
				1F939B46237C8413001E53DF /* Release */,
			);
			defaultConfigurationIsVisible = 0;
			defaultConfigurationName = Release;
		};
/* End XCConfigurationList section */

/* Begin XCVersionGroup section */
		1F94590F2381DAE40034B669 /* MovieSearch.xcdatamodeld */ = {
			isa = XCVersionGroup;
			children = (
				1F9459102381DAE40034B669 /* MoveSearch.xcdatamodel */,
			);
			currentVersion = 1F9459102381DAE40034B669 /* MoveSearch.xcdatamodel */;
			name = MovieSearch.xcdatamodeld;
			path = ../../../MovieSearch.xcdatamodeld;
			sourceTree = "<group>";
			versionGroupType = wrapper.xcdatamodel;
		};
/* End XCVersionGroup section */
	};
	rootObject = 1F939B28237C8412001E53DF /* Project object */;
}
